
Microsoft Visual Studio Solution File, Format Version 12.00
# Visual Studio Version 17
VisualStudioVersion = 17.8.34330.188
MinimumVisualStudioVersion = 10.0.40219.1
Project("{FAE04EC0-301F-11D3-BF4B-00C04F79EFBC}") = "GOTIT", "GOTIT.csproj", "{B00ED46C-1ECB-4C9C-9D2E-01568B1802CA}"
EndProject
Global
	GlobalSection(SolutionConfigurationPlatforms) = preSolution
		Debug|Any CPU = Debug|Any CPU
		Release|Any CPU = Release|Any CPU
	EndGlobalSection
	GlobalSection(ProjectConfigurationPlatforms) = postSolution
		{B00ED46C-1ECB-4C9C-9D2E-01568B1802CA}.Debug|Any CPU.ActiveCfg = Debug|Any CPU
		{B00ED46C-1ECB-4C9C-9D2E-01568B1802CA}.Debug|Any CPU.Build.0 = Debug|Any CPU
		{B00ED46C-1ECB-4C9C-9D2E-01568B1802CA}.Release|Any CPU.ActiveCfg = Release|Any CPU
		{B00ED46C-1ECB-4C9C-9D2E-01568B1802CA}.Release|Any CPU.Build.0 = Release|Any CPU
	EndGlobalSection
	GlobalSection(SolutionProperties) = preSolution
		HideSolutionNode = FALSE
	EndGlobalSection
	GlobalSection(ExtensibilityGlobals) = postSolution
		SolutionGuid = {4650003D-DC2B-4AA0-8E52-9D2F34E0236A}
	EndGlobalSection
EndGlobal
